<?xml version="1.0" encoding="utf-8"?>
<Project ToolsVersion="4.0" xmlns="http://schemas.microsoft.com/developer/msbuild/2003">
  <ItemGroup>
    <Filter Include="소스 파일">
      <UniqueIdentifier>{4FC737F1-C7A5-4376-A066-2A32D752A2FF}</UniqueIdentifier>
      <Extensions>cpp;c;cc;cxx;c++;cppm;ixx;def;odl;idl;hpj;bat;asm;asmx</Extensions>
    </Filter>
    <Filter Include="헤더 파일">
      <UniqueIdentifier>{93995380-89BD-4b04-88EB-625FBE52EBFB}</UniqueIdentifier>
      <Extensions>h;hh;hpp;hxx;h++;hm;inl;inc;ipp;xsd</Extensions>
    </Filter>
    <Filter Include="리소스 파일">
      <UniqueIdentifier>{67DA6AB6-F800-4c08-8B7A-83BB121AAD01}</UniqueIdentifier>
      <Extensions>rc;ico;cur;bmp;dlg;rc2;rct;bin;rgs;gif;jpg;jpeg;jpe;resx;tiff;tif;png;wav;mfcribbon-ms</Extensions>
    </Filter>
  </ItemGroup>
  <ItemGroup>
    <ClCompile Include="..\src\Collision\CollisionSdkC_Api.cpp">
      <Filter>소스 파일</Filter>
    </ClCompile>
    <ClCompile Include="..\src\Collision\CollisionTutorialBullet2.cpp">
      <Filter>소스 파일</Filter>
    </ClCompile>
    <ClCompile Include="..\src\Collision\Internal\Bullet2CollisionSdk.cpp">
      <Filter>소스 파일</Filter>
    </ClCompile>
    <ClCompile Include="..\src\Collision\Internal\RealTimeBullet3CollisionSdk.cpp">
      <Filter>소스 파일</Filter>
    </ClCompile>
    <ClCompile Include="..\src\RenderingExamples\CoordinateSystemDemo.cpp">
      <Filter>헤더 파일</Filter>
    </ClCompile>
    <ClCompile Include="..\src\RenderingExamples\DynamicTexturedCubeDemo.cpp">
      <Filter>헤더 파일</Filter>
    </ClCompile>
    <ClCompile Include="..\src\RenderingExamples\RaytracerSetup.cpp">
      <Filter>헤더 파일</Filter>
    </ClCompile>
    <ClCompile Include="..\src\RenderingExamples\RenderInstancingDemo.cpp">
      <Filter>헤더 파일</Filter>
    </ClCompile>
    <ClCompile Include="..\src\RenderingExamples\TimeSeriesCanvas.cpp">
      <Filter>헤더 파일</Filter>
    </ClCompile>
    <ClCompile Include="..\src\RenderingExamples\TimeSeriesExample.cpp">
      <Filter>헤더 파일</Filter>
    </ClCompile>
    <ClCompile Include="..\src\RenderingExamples\TimeSeriesFontData.cpp">
      <Filter>헤더 파일</Filter>
    </ClCompile>
    <ClCompile Include="..\src\RenderingExamples\TinyRendererSetup.cpp">
      <Filter>헤더 파일</Filter>
    </ClCompile>
    <ClCompile Include="..\src\RenderingExamples\TinyVRGui.cpp">
      <Filter>헤더 파일</Filter>
    </ClCompile>
  </ItemGroup>
  <ItemGroup>
    <ClInclude Include="..\src\Collision\CollisionSdkC_Api.h">
      <Filter>소스 파일</Filter>
    </ClInclude>
    <ClInclude Include="..\src\Collision\CollisionTutorialBullet2.h">
      <Filter>소스 파일</Filter>
    </ClInclude>
    <ClInclude Include="..\src\Collision\Internal\Bullet2CollisionSdk.h">
      <Filter>소스 파일</Filter>
    </ClInclude>
    <ClInclude Include="..\src\Collision\Internal\CollisionSdkInterface.h">
      <Filter>소스 파일</Filter>
    </ClInclude>
    <ClInclude Include="..\src\Collision\Internal\RealTimeBullet3CollisionSdk.h">
      <Filter>소스 파일</Filter>
    </ClInclude>
    <ClInclude Include="..\src\RenderingExamples\CoordinateSystemDemo.h">
      <Filter>헤더 파일</Filter>
    </ClInclude>
    <ClInclude Include="..\src\RenderingExamples\DynamicTexturedCubeDemo.h">
      <Filter>헤더 파일</Filter>
    </ClInclude>
    <ClInclude Include="..\src\RenderingExamples\RaytracerSetup.h">
      <Filter>헤더 파일</Filter>
    </ClInclude>
    <ClInclude Include="..\src\RenderingExamples\RenderInstancingDemo.h">
      <Filter>헤더 파일</Filter>
    </ClInclude>
    <ClInclude Include="..\src\RenderingExamples\TimeSeriesCanvas.h">
      <Filter>헤더 파일</Filter>
    </ClInclude>
    <ClInclude Include="..\src\RenderingExamples\TimeSeriesExample.h">
      <Filter>헤더 파일</Filter>
    </ClInclude>
    <ClInclude Include="..\src\RenderingExamples\TimeSeriesFontData.h">
      <Filter>헤더 파일</Filter>
    </ClInclude>
    <ClInclude Include="..\src\RenderingExamples\TinyRendererSetup.h">
      <Filter>헤더 파일</Filter>
    </ClInclude>
    <ClInclude Include="..\src\RenderingExamples\TinyVRGui.h">
      <Filter>헤더 파일</Filter>
    </ClInclude>
    <ClInclude Include="..\src\CommonInterfaces\Common2dCanvasInterface.h">
      <Filter>헤더 파일</Filter>
    </ClInclude>
    <ClInclude Include="..\src\CommonInterfaces\CommonCallbacks.h">
      <Filter>헤더 파일</Filter>
    </ClInclude>
    <ClInclude Include="..\src\CommonInterfaces\CommonCameraInterface.h">
      <Filter>헤더 파일</Filter>
    </ClInclude>
    <ClInclude Include="..\src\CommonInterfaces\CommonDeformableBodyBase.h">
      <Filter>헤더 파일</Filter>
    </ClInclude>
    <ClInclude Include="..\src\CommonInterfaces\CommonExampleInterface.h">
      <Filter>헤더 파일</Filter>
    </ClInclude>
    <ClInclude Include="..\src\CommonInterfaces\CommonFileIOInterface.h">
      <Filter>헤더 파일</Filter>
    </ClInclude>
    <ClInclude Include="..\src\CommonInterfaces\CommonGraphicsAppInterface.h">
      <Filter>헤더 파일</Filter>
    </ClInclude>
    <ClInclude Include="..\src\CommonInterfaces\CommonGUIHelperInterface.h">
      <Filter>헤더 파일</Filter>
    </ClInclude>
    <ClInclude Include="..\src\CommonInterfaces\CommonMultiBodyBase.h">
      <Filter>헤더 파일</Filter>
    </ClInclude>
    <ClInclude Include="..\src\CommonInterfaces\CommonParameterInterface.h">
      <Filter>헤더 파일</Filter>
    </ClInclude>
    <ClInclude Include="..\src\CommonInterfaces\CommonRenderInterface.h">
      <Filter>헤더 파일</Filter>
    </ClInclude>
    <ClInclude Include="..\src\CommonInterfaces\CommonRigidBodyBase.h">
      <Filter>헤더 파일</Filter>
    </ClInclude>
    <ClInclude Include="..\src\CommonInterfaces\CommonWindowInterface.h">
      <Filter>헤더 파일</Filter>
    </ClInclude>
  </ItemGroup>
</Project>