<?xml version="1.0" encoding="utf-8"?>
<Project ToolsVersion="4.0" xmlns="http://schemas.microsoft.com/developer/msbuild/2003">
  <ItemGroup>
    <ClCompile Include="include\engine\Graphics\Light.cpp" />
    <ClCompile Include="include\engine\Math.cpp" />
    <ClCompile Include="include\engine\Script\ScriptLoader.cpp" />
    <ClCompile Include="include\engine\Component\ComponentGroupInterface.cpp" />
    <ClCompile Include="include\engine\Component\ComponentGroup.cpp" />
    <ClCompile Include="include\engine\Component\ComponentManager.cpp" />
    <ClCompile Include="include\engine\Graphics\Camera.cpp" />
    <ClCompile Include="include\engine\Script\Script.cpp" />
    <ClCompile Include="include\engine\Transform\Transform.cpp" />
    <ClCompile Include="include\engine\Graphics\Mesh.cpp" />
    <ClCompile Include="include\engine\Graphics\MeshRenderer.cpp" />
    <ClCompile Include="include\engine\Graphics\Shader.cpp" />
    <ClCompile Include="include\engine\Object\Factory.cpp" />
    <ClCompile Include="include\engine\Object\GameObject.cpp" />
    <ClCompile Include="include\engine\Component\Component.cpp" />
    <ClCompile Include="include\engine\Input.cpp" />
    <ClCompile Include="include\gl\glad\glad.c" />
    <ClCompile Include="include\engine\Application.cpp" />
    <ClCompile Include="include\engine\Object\Object.cpp" />
    <ClCompile Include="include\engine\Scene\Scene.cpp" />
    <ClCompile Include="include\engine\ServiceLocator.cpp" />
    <ClCompile Include="include\engine\Time.cpp" />
    <ClCompile Include="include\engine\Graphics\Material.cpp" />
    <ClCompile Include="include\engine\Screen.cpp" />
    <ClCompile Include="include\engine\Graphics\Texture.cpp" />
    <ClCompile Include="include\engine\Scene\SceneManager.cpp" />
    <ClCompile Include="include\imgui\imgui.cpp" />
    <ClCompile Include="include\imgui\imgui_draw.cpp" />
    <ClCompile Include="include\imgui\imgui_tables.cpp" />
    <ClCompile Include="include\imgui\imgui_widgets.cpp" />
    <ClCompile Include="include\imgui\imgui_impl_glfw.cpp" />
    <ClCompile Include="include\imgui\imgui_impl_opengl3.cpp" />
    <ClCompile Include="src\SpaceSwimApplication.cpp" />
    <ClCompile Include="src\Manager\ResourceManager.cpp" />
    <ClCompile Include="include\imgui\imgui_demo.cpp" />
    <ClCompile Include="include\engine\Sound\SoundPlayer.cpp" />
  </ItemGroup>
  <ItemGroup>
    <ClInclude Include="include\cg\stb_image.h" />
    <ClInclude Include="include\cg\stb_truetype.h" />
    <ClInclude Include="include\engine\Core.h" />
    <ClInclude Include="include\engine\Graphics\Light.h" />
    <ClInclude Include="include\engine\Math.h" />
    <ClInclude Include="include\engine\Script\ScriptLoader.h" />
    <ClInclude Include="include\engine\Component\ComponentGroupInterface.h" />
    <ClInclude Include="include\engine\Component\ComponentGroup.h" />
    <ClInclude Include="include\engine\Component\ComponentManager.h" />
    <ClInclude Include="include\engine\Graphics\Camera.h" />
    <ClInclude Include="include\engine\Graphics\Mesh.h" />
    <ClInclude Include="include\engine\Graphics\MeshRenderer.h" />
    <ClInclude Include="include\engine\Graphics\Shader.h" />
    <ClInclude Include="include\engine\Script\Script.h" />
    <ClInclude Include="include\engine\ServiceLocator.h" />
    <ClInclude Include="include\engine\Transform\Transform.h" />
    <ClInclude Include="include\engine\Object\Factory.h" />
    <ClInclude Include="include\engine\Object\GameObject.h" />
    <ClInclude Include="include\engine\Component\Component.h" />
    <ClInclude Include="include\cg\cgmath.h" />
    <ClInclude Include="include\cg\cgut.h" />
    <ClInclude Include="include\engine\Input.h" />
    <ClInclude Include="include\engine\Application.h" />
    <ClInclude Include="include\engine\Object\Object.h" />
    <ClInclude Include="include\engine\Scene\Scene.h" />
    <ClInclude Include="include\engine\Time.h" />
    <ClInclude Include="include\engine\Graphics\Material.h" />
    <ClInclude Include="include\engine\Screen.h" />
    <ClInclude Include="src\MeshBox\MeshMaker.h" />
    <ClInclude Include="include\engine\Graphics\Texture.h" />
    <ClInclude Include="include\engine\Scene\SceneManager.h" />
    <ClInclude Include="include\imgui\imconfig.h" />
    <ClInclude Include="include\imgui\imgui.h" />
    <ClInclude Include="include\imgui\imgui_internal.h" />
    <ClInclude Include="include\imgui\imstb_rectpack.h" />
    <ClInclude Include="include\imgui\imstb_textedit.h" />
    <ClInclude Include="include\imgui\imstb_truetype.h" />
    <ClInclude Include="include\imgui\imgui_impl_glfw.h" />
    <ClInclude Include="include\imgui\imgui_impl_opengl3.h" />
    <ClInclude Include="include\gl\glfw\glfw3.h" />
    <ClInclude Include="include\gl\glfw\glfw3native.h" />
    <ClInclude Include="include\gl\glad\glad.h" />
    <ClInclude Include="src\GameScene\Script\ObstacleScript.h" />
    <ClInclude Include="src\GameScene\Stage_1.h" />
    <ClInclude Include="src\Manager\GameManager.h" />
    <ClInclude Include="src\Manager\GUImanager.h" />
    <ClInclude Include="src\Manager\ResourceManager.h" />
    <ClInclude Include="src\Player\Character.h" />
    <ClInclude Include="src\StartMenuScene\Scripts\StartBackgroundScript.h" />
    <ClInclude Include="src\StartMenuScene\Scripts\StartCameraScript.h" />
    <ClInclude Include="src\StartMenuScene\Scripts\GameStartGUIScript.h" />
    <ClInclude Include="src\StartMenuScene\StartMenuScene.h" />
    <ClInclude Include="src\Tool\MeshMaker.h" />
    <ClInclude Include="src\CreditScene\CreditScene.h" />
    <ClInclude Include="src\GameScene\Script\Stage1GUIScript.h" />
    <ClInclude Include="src\GameScene\Script\PlayerScript.h" />
    <ClInclude Include="include\engine\Sound\SoundPlayer.h" />
    <ClInclude Include="include\irrKlang\ik_ESoundEngineOptions.h" />
    <ClInclude Include="include\irrKlang\ik_ESoundOutputDrivers.h" />
    <ClInclude Include="include\irrKlang\ik_EStreamModes.h" />
    <ClInclude Include="include\irrKlang\ik_IAudioRecorder.h" />
    <ClInclude Include="include\irrKlang\ik_IAudioStream.h" />
    <ClInclude Include="include\irrKlang\ik_IAudioStreamLoader.h" />
    <ClInclude Include="include\irrKlang\ik_IFileFactory.h" />
    <ClInclude Include="include\irrKlang\ik_IFileReader.h" />
    <ClInclude Include="include\irrKlang\ik_IRefCounted.h" />
    <ClInclude Include="include\irrKlang\ik_irrKlangTypes.h" />
    <ClInclude Include="include\irrKlang\ik_ISound.h" />
    <ClInclude Include="include\irrKlang\ik_ISoundDeviceList.h" />
    <ClInclude Include="include\irrKlang\ik_ISoundEffectControl.h" />
    <ClInclude Include="include\irrKlang\ik_ISoundEngine.h" />
    <ClInclude Include="include\irrKlang\ik_ISoundMixedOutputReceiver.h" />
    <ClInclude Include="include\irrKlang\ik_ISoundSource.h" />
    <ClInclude Include="include\irrKlang\ik_ISoundStopEventReceiver.h" />
    <ClInclude Include="include\irrKlang\ik_IVirtualRefCounted.h" />
    <ClInclude Include="include\irrKlang\ik_SAudioStreamFormat.h" />
    <ClInclude Include="include\irrKlang\ik_vec3d.h" />
    <ClInclude Include="include\irrKlang\irrKlang.h" />
    <ClInclude Include="src\StartMenuScene\Scripts\PlayerAnimationStartScript.h" />
    <ClInclude Include="src\GameScene\Script\PlayerAnimationScript.h" />
    <ClInclude Include="src\GameScene\Script\EventCheckerSphere.h" />
    <ClInclude Include="include\engine\Event\EventManager.h" />
    <ClInclude Include="src\GameScene\Stage_2.h" />
    <ClInclude Include="src\GameScene\Script\Stage2GUIScript.h" />
    <ClInclude Include="src\GameScene\Script\GameCameraScript.h" />
    <ClInclude Include="src\GameScene\Script\GameBackgroundScript.h" />
  </ItemGroup>
  <ItemGroup>
    <Font Include="bin\fonts\consola.ttf" />
  </ItemGroup>
  <ItemGroup>
    <None Include="bin\mesh\dragon.index.bin" />
    <None Include="bin\mesh\dragon.vertex.bin" />
    <None Include="bin\shaders\solar-system.frag" />
    <None Include="bin\shaders\solar-system.vert" />
    <None Include="bin\shaders\transform.frag" />
    <None Include="bin\shaders\transform.vert" />
  </ItemGroup>
  <ItemGroup>
    <Text Include="bin\mesh\dragon.license.txt" />
    <Text Include="bin\sounds\strange-alarm-license.txt" />
  </ItemGroup>
  <ItemGroup>
    <Library Include="lib\irrKlang\irrKlang.lib" />
    <Library Include="lib\gl\glfw\glfw3.x64.lib" />
    <Library Include="lib\gl\glfw\glfw3.x86.lib" />
  </ItemGroup>
  <ItemGroup>
    <Media Include="bin\sounds\explode.mp3" />
    <Media Include="bin\sounds\hello.mp3" />
    <Media Include="bin\sounds\hello.wav" />
    <Media Include="bin\sounds\space.mp3" />
    <Media Include="bin\sounds\strange-alarm.mp3" />
    <Media Include="bin\sounds\strange-alarm.wav" />
    <Media Include="bin\sounds\4 - Too Dangerous To Swim.mp3" />
    <Media Include="bin\sounds\1 - Quite Space.mp3" />
    <Media Include="bin\sounds\2 - Can you swim... in space.mp3" />
    <Media Include="bin\sounds\3 - Space Swim!.mp3" />
  </ItemGroup>
</Project>